{
  "requires": true,
  "lockfileVersion": 1,
  "dependencies": {
    "fast-xml-parser": {
      "version": "3.21.1",
      "resolved": "https://registry.npmmirror.com/fast-xml-parser/download/fast-xml-parser-3.21.1.tgz?cache=0&sync_timestamp=1635658038342&other_urls=https%3A%2F%2Fregistry.npmmirror.com%2Ffast-xml-parser%2Fdownload%2Ffast-xml-parser-3.21.1.tgz",
      "integrity": "sha1-FSodUdRFOA9wRrMEZy3VXRXJ5zY=",
      "requires": {
        "strnum": "^1.0.4"
      }
    },
    "strnum": {
      "version": "1.0.4",
      "resolved": "https://registry.npmmirror.com/strnum/download/strnum-1.0.4.tgz?cache=0&sync_timestamp=1632557327213&other_urls=https%3A%2F%2Fregistry.npmmirror.com%2Fstrnum%2Fdownload%2Fstrnum-1.0.4.tgz",
      "integrity": "sha1-6X42p9a6n5PQ1rSWsu0GeNQigys="
    }
  }
}
