
Microsoft Visual Studio Solution File, Format Version 12.00
# Visual Studio Version 16
VisualStudioVersion = 16.0.30011.22
MinimumVisualStudioVersion = 10.0.40219.1
Project("{9A19103F-16F7-4668-BE54-9A1E7A4F7556}") = "Netnr.Core", "Netnr.Core\Netnr.Core.csproj", "{7E8538A4-3518-4E49-AE28-2C77E59E60B0}"
EndProject
Project("{9A19103F-16F7-4668-BE54-9A1E7A4F7556}") = "Netnr.Fast", "Netnr.Fast\Netnr.Fast.csproj", "{F3227B46-DC5D-40E4-94A7-456D5EC72B9D}"
EndProject
Project("{9A19103F-16F7-4668-BE54-9A1E7A4F7556}") = "Netnr.Login", "Netnr.Login\Netnr.Login.csproj", "{8AC2A4DB-976F-456A-85D2-A9F1EA914ED8}"
EndProject
Project("{9A19103F-16F7-4668-BE54-9A1E7A4F7556}") = "Netnr.Login.Sample", "Netnr.Login.Sample\Netnr.Login.Sample.csproj", "{F5CA4179-8729-4CA6-8BE4-20AAFE58DC12}"
EndProject
Project("{9A19103F-16F7-4668-BE54-9A1E7A4F7556}") = "Netnr.WeChat", "Netnr.WeChat\Netnr.WeChat.csproj", "{7810F844-36FD-4DE5-B3B7-C9B03CD33D86}"
EndProject
Project("{9A19103F-16F7-4668-BE54-9A1E7A4F7556}") = "Netnr.WeChat.Sample", "Netnr.WeChat.Sample\Netnr.WeChat.Sample.csproj", "{DD2BB6FF-2EC4-4E7E-AAE1-1C2E6B8C8BA5}"
EndProject
Project("{9A19103F-16F7-4668-BE54-9A1E7A4F7556}") = "Netnr.DataKit", "Netnr.DataKit\Netnr.DataKit.csproj", "{91846454-01BD-4F29-A0CD-EA9545B5FAD0}"
EndProject
Project("{9A19103F-16F7-4668-BE54-9A1E7A4F7556}") = "Netnr.DataKit.Web", "Netnr.DataKit.Web\Netnr.DataKit.Web.csproj", "{6D8047E0-15E7-4E17-86EB-31D64B3CFD53}"
EndProject
Project("{2150E333-8FDC-42A3-9474-1A3956D46DE8}") = "54 DataKit", "54 DataKit", "{70A676C8-6AEA-46EB-BFC9-FC295EAEB351}"
EndProject
Project("{2150E333-8FDC-42A3-9474-1A3956D46DE8}") = "08 ClassLibrary", "08 ClassLibrary", "{CF271090-3211-4C57-A076-C8D5D696E479}"
EndProject
Project("{2150E333-8FDC-42A3-9474-1A3956D46DE8}") = "56 Tool", "56 Tool", "{0870C836-0342-43E5-A0F3-87C88487DB66}"
EndProject
Project("{2150E333-8FDC-42A3-9474-1A3956D46DE8}") = "50 Blog", "50 Blog", "{0668834E-BA3C-4AFA-B222-820234F53CD2}"
EndProject
Project("{2150E333-8FDC-42A3-9474-1A3956D46DE8}") = "51 ResponseFramework", "51 ResponseFramework", "{9C11B0FC-3722-48BC-8E3D-3416F980790F}"
EndProject
Project("{2150E333-8FDC-42A3-9474-1A3956D46DE8}") = "55 FileServer", "55 FileServer", "{AE055777-515F-4806-8880-DC63EC7669BC}"
EndProject
Project("{9A19103F-16F7-4668-BE54-9A1E7A4F7556}") = "Netnr.FileServer", "Netnr.FileServer\Netnr.FileServer.csproj", "{E46FA4E1-44E6-48A8-A5B8-3F98000AE7BF}"
EndProject
Project("{2150E333-8FDC-42A3-9474-1A3956D46DE8}") = "53 Guff", "53 Guff", "{BE0447CB-9430-47E6-9954-71FCE0011FAF}"
EndProject
Project("{9A19103F-16F7-4668-BE54-9A1E7A4F7556}") = "Netnr.Guff", "Netnr.Guff\Netnr.Guff.csproj", "{176103F5-9AD0-42A1-B288-1F384FEC918D}"
EndProject
Project("{9A19103F-16F7-4668-BE54-9A1E7A4F7556}") = "Netnr.Logging", "Netnr.Logging\Netnr.Logging.csproj", "{BCE7A81C-9503-475E-A708-BC989B19D1DE}"
EndProject
Project("{9A19103F-16F7-4668-BE54-9A1E7A4F7556}") = "Netnr.Tool", "Netnr.Tool\Netnr.Tool.csproj", "{4A3BD21D-7290-4C86-BD00-7725400CC446}"
EndProject
Project("{2150E333-8FDC-42A3-9474-1A3956D46DE8}") = "09 ClassApplication", "09 ClassApplication", "{F9686B8F-8315-4D8C-BFA0-040776A4F45D}"
EndProject
Project("{2150E333-8FDC-42A3-9474-1A3956D46DE8}") = "02 DataBase", "02 DataBase", "{2E73EE11-068C-4F0C-81DE-E19311BD863F}"
EndProject
Project("{9A19103F-16F7-4668-BE54-9A1E7A4F7556}") = "Netnr.Data.MySQL", "Netnr.Data.MySQL\Netnr.Data.MySQL.csproj", "{76BB246A-EC61-48CD-B3AC-3EACFBDC8B2C}"
EndProject
Project("{9A19103F-16F7-4668-BE54-9A1E7A4F7556}") = "Netnr.Data.SQLite", "Netnr.Data.SQLite\Netnr.Data.SQLite.csproj", "{3669E457-E340-4A03-89D3-FE284DF01644}"
EndProject
Project("{9A19103F-16F7-4668-BE54-9A1E7A4F7556}") = "Netnr.Data.SQLServer", "Netnr.Data.SQLServer\Netnr.Data.SQLServer.csproj", "{DEBB572A-96A2-4032-AA70-3529605048F0}"
EndProject
Project("{9A19103F-16F7-4668-BE54-9A1E7A4F7556}") = "Netnr.Data.PostgreSQL", "Netnr.Data.PostgreSQL\Netnr.Data.PostgreSQL.csproj", "{38793E53-ACA5-4A5A-B658-8BA371B0D01B}"
EndProject
Project("{9A19103F-16F7-4668-BE54-9A1E7A4F7556}") = "Netnr.Data.Oracle", "Netnr.Data.Oracle\Netnr.Data.Oracle.csproj", "{916BE612-FE19-414B-AC10-7C7AA3701996}"
EndProject
Project("{2150E333-8FDC-42A3-9474-1A3956D46DE8}") = "58 Chat", "58 Chat", "{80F86017-236F-4F9F-8B9B-17524B59013E}"
EndProject
Project("{9A19103F-16F7-4668-BE54-9A1E7A4F7556}") = "Netnr.Chat", "Netnr.Chat\Netnr.Chat.csproj", "{F500586B-5AE0-4283-B959-2654A3E21B6B}"
EndProject
Project("{9A19103F-16F7-4668-BE54-9A1E7A4F7556}") = "Netnr.Fast.Extend", "Netnr.Fast.Extend\Netnr.Fast.Extend.csproj", "{F412CC79-F20B-4E65-B1C3-1019DEFA6D7D}"
EndProject
Project("{2150E333-8FDC-42A3-9474-1A3956D46DE8}") = "52 ScriptService", "52 ScriptService", "{A01BEDFB-24F0-4B11-870E-0BB6016D2228}"
EndProject
Project("{9A19103F-16F7-4668-BE54-9A1E7A4F7556}") = "Netnr.ScriptService", "Netnr.ScriptService\Netnr.ScriptService.csproj", "{215CFC49-DE21-4387-AD7C-52C2401E69DA}"
EndProject
Project("{2150E333-8FDC-42A3-9474-1A3956D46DE8}") = "57 AliyunSMS", "57 AliyunSMS", "{945A2894-1BE8-4CC7-A59B-0A3D81C7CB90}"
EndProject
Project("{9A19103F-16F7-4668-BE54-9A1E7A4F7556}") = "Netnr.Blog.Domain", "Netnr.Blog.Domain\Netnr.Blog.Domain.csproj", "{AB17B140-0696-4E64-AA2D-57B1C33618B5}"
EndProject
Project("{9A19103F-16F7-4668-BE54-9A1E7A4F7556}") = "Netnr.Blog.Data", "Netnr.Blog.Data\Netnr.Blog.Data.csproj", "{6294172A-81F8-4286-BE0B-495BDB872438}"
EndProject
Project("{9A19103F-16F7-4668-BE54-9A1E7A4F7556}") = "Netnr.Blog.Application", "Netnr.Blog.Application\Netnr.Blog.Application.csproj", "{E6561193-B387-404E-AC3A-0CE9D267BF26}"
EndProject
Project("{9A19103F-16F7-4668-BE54-9A1E7A4F7556}") = "Netnr.Blog.Web", "Netnr.Blog.Web\Netnr.Blog.Web.csproj", "{E0F5AF79-7F30-4417-8E1B-346D44990D1E}"
EndProject
Project("{9A19103F-16F7-4668-BE54-9A1E7A4F7556}") = "Netnr.ResponseFramework.Domain", "Netnr.ResponseFramework.Domain\Netnr.ResponseFramework.Domain.csproj", "{C7DADE7C-5FC1-437A-8157-0529EA35A88E}"
EndProject
Project("{9A19103F-16F7-4668-BE54-9A1E7A4F7556}") = "Netnr.ResponseFramework.Data", "Netnr.ResponseFramework.Data\Netnr.ResponseFramework.Data.csproj", "{7BCA6CDB-6E14-41E9-986D-0390582E2DAB}"
EndProject
Project("{9A19103F-16F7-4668-BE54-9A1E7A4F7556}") = "Netnr.ResponseFramework.Application", "Netnr.ResponseFramework.Application\Netnr.ResponseFramework.Application.csproj", "{C3E1DC11-4331-48BF-9E8B-DF32B2C053D0}"
EndProject
Project("{9A19103F-16F7-4668-BE54-9A1E7A4F7556}") = "Netnr.ResponseFramework.Web", "Netnr.ResponseFramework.Web\Netnr.ResponseFramework.Web.csproj", "{C8137A02-02D6-4765-8AEA-F9B352CD15D5}"
EndProject
Project("{9A19103F-16F7-4668-BE54-9A1E7A4F7556}") = "Netnr.AliyunSMS", "Netnr.AliyunSMS\Netnr.AliyunSMS.csproj", "{14676953-EE5D-45B9-8914-D361B34CB06E}"
EndProject
Project("{E24C65DC-7377-472B-9ABA-BC803B73C61A}") = "docs", "..\..\docs\", "{CCAAE9A4-54B4-42C7-9D7B-EB9179D9AF39}"
	ProjectSection(WebsiteProperties) = preProject
		TargetFrameworkMoniker = ".NETFramework,Version%3Dv4.0"
		Debug.AspNetCompiler.VirtualPath = "/localhost_60778"
		Debug.AspNetCompiler.PhysicalPath = "..\..\docs\"
		Debug.AspNetCompiler.TargetPath = "PrecompiledWeb\localhost_60778\"
		Debug.AspNetCompiler.Updateable = "true"
		Debug.AspNetCompiler.ForceOverwrite = "true"
		Debug.AspNetCompiler.FixedNames = "false"
		Debug.AspNetCompiler.Debug = "True"
		Release.AspNetCompiler.VirtualPath = "/localhost_60778"
		Release.AspNetCompiler.PhysicalPath = "..\..\docs\"
		Release.AspNetCompiler.TargetPath = "PrecompiledWeb\localhost_60778\"
		Release.AspNetCompiler.Updateable = "true"
		Release.AspNetCompiler.ForceOverwrite = "true"
		Release.AspNetCompiler.FixedNames = "false"
		Release.AspNetCompiler.Debug = "False"
		VWDPort = "60778"
		SlnRelativePath = "..\..\docs\"
	EndProjectSection
EndProject
Global
	GlobalSection(SolutionConfigurationPlatforms) = preSolution
		Debug|Any CPU = Debug|Any CPU
		Release|Any CPU = Release|Any CPU
	EndGlobalSection
	GlobalSection(ProjectConfigurationPlatforms) = postSolution
		{7E8538A4-3518-4E49-AE28-2C77E59E60B0}.Debug|Any CPU.ActiveCfg = Debug|Any CPU
		{7E8538A4-3518-4E49-AE28-2C77E59E60B0}.Debug|Any CPU.Build.0 = Debug|Any CPU
		{7E8538A4-3518-4E49-AE28-2C77E59E60B0}.Release|Any CPU.ActiveCfg = Release|Any CPU
		{7E8538A4-3518-4E49-AE28-2C77E59E60B0}.Release|Any CPU.Build.0 = Release|Any CPU
		{F3227B46-DC5D-40E4-94A7-456D5EC72B9D}.Debug|Any CPU.ActiveCfg = Debug|Any CPU
		{F3227B46-DC5D-40E4-94A7-456D5EC72B9D}.Debug|Any CPU.Build.0 = Debug|Any CPU
		{F3227B46-DC5D-40E4-94A7-456D5EC72B9D}.Release|Any CPU.ActiveCfg = Release|Any CPU
		{F3227B46-DC5D-40E4-94A7-456D5EC72B9D}.Release|Any CPU.Build.0 = Release|Any CPU
		{8AC2A4DB-976F-456A-85D2-A9F1EA914ED8}.Debug|Any CPU.ActiveCfg = Debug|Any CPU
		{8AC2A4DB-976F-456A-85D2-A9F1EA914ED8}.Debug|Any CPU.Build.0 = Debug|Any CPU
		{8AC2A4DB-976F-456A-85D2-A9F1EA914ED8}.Release|Any CPU.ActiveCfg = Release|Any CPU
		{8AC2A4DB-976F-456A-85D2-A9F1EA914ED8}.Release|Any CPU.Build.0 = Release|Any CPU
		{F5CA4179-8729-4CA6-8BE4-20AAFE58DC12}.Debug|Any CPU.ActiveCfg = Debug|Any CPU
		{F5CA4179-8729-4CA6-8BE4-20AAFE58DC12}.Debug|Any CPU.Build.0 = Debug|Any CPU
		{F5CA4179-8729-4CA6-8BE4-20AAFE58DC12}.Release|Any CPU.ActiveCfg = Release|Any CPU
		{F5CA4179-8729-4CA6-8BE4-20AAFE58DC12}.Release|Any CPU.Build.0 = Release|Any CPU
		{7810F844-36FD-4DE5-B3B7-C9B03CD33D86}.Debug|Any CPU.ActiveCfg = Debug|Any CPU
		{7810F844-36FD-4DE5-B3B7-C9B03CD33D86}.Debug|Any CPU.Build.0 = Debug|Any CPU
		{7810F844-36FD-4DE5-B3B7-C9B03CD33D86}.Release|Any CPU.ActiveCfg = Release|Any CPU
		{7810F844-36FD-4DE5-B3B7-C9B03CD33D86}.Release|Any CPU.Build.0 = Release|Any CPU
		{DD2BB6FF-2EC4-4E7E-AAE1-1C2E6B8C8BA5}.Debug|Any CPU.ActiveCfg = Debug|Any CPU
		{DD2BB6FF-2EC4-4E7E-AAE1-1C2E6B8C8BA5}.Debug|Any CPU.Build.0 = Debug|Any CPU
		{DD2BB6FF-2EC4-4E7E-AAE1-1C2E6B8C8BA5}.Release|Any CPU.ActiveCfg = Release|Any CPU
		{DD2BB6FF-2EC4-4E7E-AAE1-1C2E6B8C8BA5}.Release|Any CPU.Build.0 = Release|Any CPU
		{91846454-01BD-4F29-A0CD-EA9545B5FAD0}.Debug|Any CPU.ActiveCfg = Debug|Any CPU
		{91846454-01BD-4F29-A0CD-EA9545B5FAD0}.Debug|Any CPU.Build.0 = Debug|Any CPU
		{91846454-01BD-4F29-A0CD-EA9545B5FAD0}.Release|Any CPU.ActiveCfg = Release|Any CPU
		{91846454-01BD-4F29-A0CD-EA9545B5FAD0}.Release|Any CPU.Build.0 = Release|Any CPU
		{6D8047E0-15E7-4E17-86EB-31D64B3CFD53}.Debug|Any CPU.ActiveCfg = Debug|Any CPU
		{6D8047E0-15E7-4E17-86EB-31D64B3CFD53}.Debug|Any CPU.Build.0 = Debug|Any CPU
		{6D8047E0-15E7-4E17-86EB-31D64B3CFD53}.Release|Any CPU.ActiveCfg = Release|Any CPU
		{6D8047E0-15E7-4E17-86EB-31D64B3CFD53}.Release|Any CPU.Build.0 = Release|Any CPU
		{E46FA4E1-44E6-48A8-A5B8-3F98000AE7BF}.Debug|Any CPU.ActiveCfg = Debug|Any CPU
		{E46FA4E1-44E6-48A8-A5B8-3F98000AE7BF}.Debug|Any CPU.Build.0 = Debug|Any CPU
		{E46FA4E1-44E6-48A8-A5B8-3F98000AE7BF}.Release|Any CPU.ActiveCfg = Release|Any CPU
		{E46FA4E1-44E6-48A8-A5B8-3F98000AE7BF}.Release|Any CPU.Build.0 = Release|Any CPU
		{176103F5-9AD0-42A1-B288-1F384FEC918D}.Debug|Any CPU.ActiveCfg = Debug|Any CPU
		{176103F5-9AD0-42A1-B288-1F384FEC918D}.Debug|Any CPU.Build.0 = Debug|Any CPU
		{176103F5-9AD0-42A1-B288-1F384FEC918D}.Release|Any CPU.ActiveCfg = Release|Any CPU
		{176103F5-9AD0-42A1-B288-1F384FEC918D}.Release|Any CPU.Build.0 = Release|Any CPU
		{BCE7A81C-9503-475E-A708-BC989B19D1DE}.Debug|Any CPU.ActiveCfg = Debug|Any CPU
		{BCE7A81C-9503-475E-A708-BC989B19D1DE}.Debug|Any CPU.Build.0 = Debug|Any CPU
		{BCE7A81C-9503-475E-A708-BC989B19D1DE}.Release|Any CPU.ActiveCfg = Release|Any CPU
		{BCE7A81C-9503-475E-A708-BC989B19D1DE}.Release|Any CPU.Build.0 = Release|Any CPU
		{4A3BD21D-7290-4C86-BD00-7725400CC446}.Debug|Any CPU.ActiveCfg = Debug|Any CPU
		{4A3BD21D-7290-4C86-BD00-7725400CC446}.Debug|Any CPU.Build.0 = Debug|Any CPU
		{4A3BD21D-7290-4C86-BD00-7725400CC446}.Release|Any CPU.ActiveCfg = Release|Any CPU
		{4A3BD21D-7290-4C86-BD00-7725400CC446}.Release|Any CPU.Build.0 = Release|Any CPU
		{76BB246A-EC61-48CD-B3AC-3EACFBDC8B2C}.Debug|Any CPU.ActiveCfg = Debug|Any CPU
		{76BB246A-EC61-48CD-B3AC-3EACFBDC8B2C}.Debug|Any CPU.Build.0 = Debug|Any CPU
		{76BB246A-EC61-48CD-B3AC-3EACFBDC8B2C}.Release|Any CPU.ActiveCfg = Release|Any CPU
		{76BB246A-EC61-48CD-B3AC-3EACFBDC8B2C}.Release|Any CPU.Build.0 = Release|Any CPU
		{3669E457-E340-4A03-89D3-FE284DF01644}.Debug|Any CPU.ActiveCfg = Debug|Any CPU
		{3669E457-E340-4A03-89D3-FE284DF01644}.Debug|Any CPU.Build.0 = Debug|Any CPU
		{3669E457-E340-4A03-89D3-FE284DF01644}.Release|Any CPU.ActiveCfg = Release|Any CPU
		{3669E457-E340-4A03-89D3-FE284DF01644}.Release|Any CPU.Build.0 = Release|Any CPU
		{DEBB572A-96A2-4032-AA70-3529605048F0}.Debug|Any CPU.ActiveCfg = Debug|Any CPU
		{DEBB572A-96A2-4032-AA70-3529605048F0}.Debug|Any CPU.Build.0 = Debug|Any CPU
		{DEBB572A-96A2-4032-AA70-3529605048F0}.Release|Any CPU.ActiveCfg = Release|Any CPU
		{DEBB572A-96A2-4032-AA70-3529605048F0}.Release|Any CPU.Build.0 = Release|Any CPU
		{38793E53-ACA5-4A5A-B658-8BA371B0D01B}.Debug|Any CPU.ActiveCfg = Debug|Any CPU
		{38793E53-ACA5-4A5A-B658-8BA371B0D01B}.Debug|Any CPU.Build.0 = Debug|Any CPU
		{38793E53-ACA5-4A5A-B658-8BA371B0D01B}.Release|Any CPU.ActiveCfg = Release|Any CPU
		{38793E53-ACA5-4A5A-B658-8BA371B0D01B}.Release|Any CPU.Build.0 = Release|Any CPU
		{916BE612-FE19-414B-AC10-7C7AA3701996}.Debug|Any CPU.ActiveCfg = Debug|Any CPU
		{916BE612-FE19-414B-AC10-7C7AA3701996}.Debug|Any CPU.Build.0 = Debug|Any CPU
		{916BE612-FE19-414B-AC10-7C7AA3701996}.Release|Any CPU.ActiveCfg = Release|Any CPU
		{916BE612-FE19-414B-AC10-7C7AA3701996}.Release|Any CPU.Build.0 = Release|Any CPU
		{F500586B-5AE0-4283-B959-2654A3E21B6B}.Debug|Any CPU.ActiveCfg = Debug|Any CPU
		{F500586B-5AE0-4283-B959-2654A3E21B6B}.Debug|Any CPU.Build.0 = Debug|Any CPU
		{F500586B-5AE0-4283-B959-2654A3E21B6B}.Release|Any CPU.ActiveCfg = Release|Any CPU
		{F500586B-5AE0-4283-B959-2654A3E21B6B}.Release|Any CPU.Build.0 = Release|Any CPU
		{F412CC79-F20B-4E65-B1C3-1019DEFA6D7D}.Debug|Any CPU.ActiveCfg = Debug|Any CPU
		{F412CC79-F20B-4E65-B1C3-1019DEFA6D7D}.Debug|Any CPU.Build.0 = Debug|Any CPU
		{F412CC79-F20B-4E65-B1C3-1019DEFA6D7D}.Release|Any CPU.ActiveCfg = Release|Any CPU
		{F412CC79-F20B-4E65-B1C3-1019DEFA6D7D}.Release|Any CPU.Build.0 = Release|Any CPU
		{215CFC49-DE21-4387-AD7C-52C2401E69DA}.Debug|Any CPU.ActiveCfg = Debug|Any CPU
		{215CFC49-DE21-4387-AD7C-52C2401E69DA}.Debug|Any CPU.Build.0 = Debug|Any CPU
		{215CFC49-DE21-4387-AD7C-52C2401E69DA}.Release|Any CPU.ActiveCfg = Release|Any CPU
		{215CFC49-DE21-4387-AD7C-52C2401E69DA}.Release|Any CPU.Build.0 = Release|Any CPU
		{AB17B140-0696-4E64-AA2D-57B1C33618B5}.Debug|Any CPU.ActiveCfg = Debug|Any CPU
		{AB17B140-0696-4E64-AA2D-57B1C33618B5}.Debug|Any CPU.Build.0 = Debug|Any CPU
		{AB17B140-0696-4E64-AA2D-57B1C33618B5}.Release|Any CPU.ActiveCfg = Release|Any CPU
		{AB17B140-0696-4E64-AA2D-57B1C33618B5}.Release|Any CPU.Build.0 = Release|Any CPU
		{6294172A-81F8-4286-BE0B-495BDB872438}.Debug|Any CPU.ActiveCfg = Debug|Any CPU
		{6294172A-81F8-4286-BE0B-495BDB872438}.Debug|Any CPU.Build.0 = Debug|Any CPU
		{6294172A-81F8-4286-BE0B-495BDB872438}.Release|Any CPU.ActiveCfg = Release|Any CPU
		{6294172A-81F8-4286-BE0B-495BDB872438}.Release|Any CPU.Build.0 = Release|Any CPU
		{E6561193-B387-404E-AC3A-0CE9D267BF26}.Debug|Any CPU.ActiveCfg = Debug|Any CPU
		{E6561193-B387-404E-AC3A-0CE9D267BF26}.Debug|Any CPU.Build.0 = Debug|Any CPU
		{E6561193-B387-404E-AC3A-0CE9D267BF26}.Release|Any CPU.ActiveCfg = Release|Any CPU
		{E6561193-B387-404E-AC3A-0CE9D267BF26}.Release|Any CPU.Build.0 = Release|Any CPU
		{E0F5AF79-7F30-4417-8E1B-346D44990D1E}.Debug|Any CPU.ActiveCfg = Debug|Any CPU
		{E0F5AF79-7F30-4417-8E1B-346D44990D1E}.Debug|Any CPU.Build.0 = Debug|Any CPU
		{E0F5AF79-7F30-4417-8E1B-346D44990D1E}.Release|Any CPU.ActiveCfg = Release|Any CPU
		{E0F5AF79-7F30-4417-8E1B-346D44990D1E}.Release|Any CPU.Build.0 = Release|Any CPU
		{C7DADE7C-5FC1-437A-8157-0529EA35A88E}.Debug|Any CPU.ActiveCfg = Debug|Any CPU
		{C7DADE7C-5FC1-437A-8157-0529EA35A88E}.Debug|Any CPU.Build.0 = Debug|Any CPU
		{C7DADE7C-5FC1-437A-8157-0529EA35A88E}.Release|Any CPU.ActiveCfg = Release|Any CPU
		{C7DADE7C-5FC1-437A-8157-0529EA35A88E}.Release|Any CPU.Build.0 = Release|Any CPU
		{7BCA6CDB-6E14-41E9-986D-0390582E2DAB}.Debug|Any CPU.ActiveCfg = Debug|Any CPU
		{7BCA6CDB-6E14-41E9-986D-0390582E2DAB}.Debug|Any CPU.Build.0 = Debug|Any CPU
		{7BCA6CDB-6E14-41E9-986D-0390582E2DAB}.Release|Any CPU.ActiveCfg = Release|Any CPU
		{7BCA6CDB-6E14-41E9-986D-0390582E2DAB}.Release|Any CPU.Build.0 = Release|Any CPU
		{C3E1DC11-4331-48BF-9E8B-DF32B2C053D0}.Debug|Any CPU.ActiveCfg = Debug|Any CPU
		{C3E1DC11-4331-48BF-9E8B-DF32B2C053D0}.Debug|Any CPU.Build.0 = Debug|Any CPU
		{C3E1DC11-4331-48BF-9E8B-DF32B2C053D0}.Release|Any CPU.ActiveCfg = Release|Any CPU
		{C3E1DC11-4331-48BF-9E8B-DF32B2C053D0}.Release|Any CPU.Build.0 = Release|Any CPU
		{C8137A02-02D6-4765-8AEA-F9B352CD15D5}.Debug|Any CPU.ActiveCfg = Debug|Any CPU
		{C8137A02-02D6-4765-8AEA-F9B352CD15D5}.Debug|Any CPU.Build.0 = Debug|Any CPU
		{C8137A02-02D6-4765-8AEA-F9B352CD15D5}.Release|Any CPU.ActiveCfg = Release|Any CPU
		{C8137A02-02D6-4765-8AEA-F9B352CD15D5}.Release|Any CPU.Build.0 = Release|Any CPU
		{14676953-EE5D-45B9-8914-D361B34CB06E}.Debug|Any CPU.ActiveCfg = Debug|Any CPU
		{14676953-EE5D-45B9-8914-D361B34CB06E}.Debug|Any CPU.Build.0 = Debug|Any CPU
		{14676953-EE5D-45B9-8914-D361B34CB06E}.Release|Any CPU.ActiveCfg = Release|Any CPU
		{14676953-EE5D-45B9-8914-D361B34CB06E}.Release|Any CPU.Build.0 = Release|Any CPU
		{CCAAE9A4-54B4-42C7-9D7B-EB9179D9AF39}.Debug|Any CPU.ActiveCfg = Debug|Any CPU
		{CCAAE9A4-54B4-42C7-9D7B-EB9179D9AF39}.Debug|Any CPU.Build.0 = Debug|Any CPU
		{CCAAE9A4-54B4-42C7-9D7B-EB9179D9AF39}.Release|Any CPU.ActiveCfg = Debug|Any CPU
		{CCAAE9A4-54B4-42C7-9D7B-EB9179D9AF39}.Release|Any CPU.Build.0 = Debug|Any CPU
	EndGlobalSection
	GlobalSection(SolutionProperties) = preSolution
		HideSolutionNode = FALSE
	EndGlobalSection
	GlobalSection(NestedProjects) = preSolution
		{7E8538A4-3518-4E49-AE28-2C77E59E60B0} = {CF271090-3211-4C57-A076-C8D5D696E479}
		{F3227B46-DC5D-40E4-94A7-456D5EC72B9D} = {F9686B8F-8315-4D8C-BFA0-040776A4F45D}
		{8AC2A4DB-976F-456A-85D2-A9F1EA914ED8} = {CF271090-3211-4C57-A076-C8D5D696E479}
		{F5CA4179-8729-4CA6-8BE4-20AAFE58DC12} = {CF271090-3211-4C57-A076-C8D5D696E479}
		{7810F844-36FD-4DE5-B3B7-C9B03CD33D86} = {CF271090-3211-4C57-A076-C8D5D696E479}
		{DD2BB6FF-2EC4-4E7E-AAE1-1C2E6B8C8BA5} = {CF271090-3211-4C57-A076-C8D5D696E479}
		{91846454-01BD-4F29-A0CD-EA9545B5FAD0} = {70A676C8-6AEA-46EB-BFC9-FC295EAEB351}
		{6D8047E0-15E7-4E17-86EB-31D64B3CFD53} = {70A676C8-6AEA-46EB-BFC9-FC295EAEB351}
		{E46FA4E1-44E6-48A8-A5B8-3F98000AE7BF} = {AE055777-515F-4806-8880-DC63EC7669BC}
		{176103F5-9AD0-42A1-B288-1F384FEC918D} = {BE0447CB-9430-47E6-9954-71FCE0011FAF}
		{BCE7A81C-9503-475E-A708-BC989B19D1DE} = {CF271090-3211-4C57-A076-C8D5D696E479}
		{4A3BD21D-7290-4C86-BD00-7725400CC446} = {0870C836-0342-43E5-A0F3-87C88487DB66}
		{76BB246A-EC61-48CD-B3AC-3EACFBDC8B2C} = {2E73EE11-068C-4F0C-81DE-E19311BD863F}
		{3669E457-E340-4A03-89D3-FE284DF01644} = {2E73EE11-068C-4F0C-81DE-E19311BD863F}
		{DEBB572A-96A2-4032-AA70-3529605048F0} = {2E73EE11-068C-4F0C-81DE-E19311BD863F}
		{38793E53-ACA5-4A5A-B658-8BA371B0D01B} = {2E73EE11-068C-4F0C-81DE-E19311BD863F}
		{916BE612-FE19-414B-AC10-7C7AA3701996} = {2E73EE11-068C-4F0C-81DE-E19311BD863F}
		{F500586B-5AE0-4283-B959-2654A3E21B6B} = {80F86017-236F-4F9F-8B9B-17524B59013E}
		{F412CC79-F20B-4E65-B1C3-1019DEFA6D7D} = {F9686B8F-8315-4D8C-BFA0-040776A4F45D}
		{215CFC49-DE21-4387-AD7C-52C2401E69DA} = {A01BEDFB-24F0-4B11-870E-0BB6016D2228}
		{AB17B140-0696-4E64-AA2D-57B1C33618B5} = {0668834E-BA3C-4AFA-B222-820234F53CD2}
		{6294172A-81F8-4286-BE0B-495BDB872438} = {0668834E-BA3C-4AFA-B222-820234F53CD2}
		{E6561193-B387-404E-AC3A-0CE9D267BF26} = {0668834E-BA3C-4AFA-B222-820234F53CD2}
		{E0F5AF79-7F30-4417-8E1B-346D44990D1E} = {0668834E-BA3C-4AFA-B222-820234F53CD2}
		{C7DADE7C-5FC1-437A-8157-0529EA35A88E} = {9C11B0FC-3722-48BC-8E3D-3416F980790F}
		{7BCA6CDB-6E14-41E9-986D-0390582E2DAB} = {9C11B0FC-3722-48BC-8E3D-3416F980790F}
		{C3E1DC11-4331-48BF-9E8B-DF32B2C053D0} = {9C11B0FC-3722-48BC-8E3D-3416F980790F}
		{C8137A02-02D6-4765-8AEA-F9B352CD15D5} = {9C11B0FC-3722-48BC-8E3D-3416F980790F}
		{14676953-EE5D-45B9-8914-D361B34CB06E} = {945A2894-1BE8-4CC7-A59B-0A3D81C7CB90}
	EndGlobalSection
	GlobalSection(ExtensibilityGlobals) = postSolution
		SolutionGuid = {B748ADB4-97F0-4295-BA4D-ACC3AB5DA0B2}
	EndGlobalSection
EndGlobal
