
Microsoft Visual Studio Solution File, Format Version 12.00
# Visual Studio Version 17
VisualStudioVersion = 17.3.32901.215
MinimumVisualStudioVersion = 10.0.40219.1
Project("{9A19103F-16F7-4668-BE54-9A1E7A4F7556}") = "AgGrid.InfiniteRowModel", "AgGrid.InfiniteRowModel\AgGrid.InfiniteRowModel.csproj", "{EE0E9B37-4052-4413-BCC2-46E54CC59320}"
EndProject
Project("{9A19103F-16F7-4668-BE54-9A1E7A4F7556}") = "Netnr.Admin.Application", "Netnr.Admin.Application\Netnr.Admin.Application.csproj", "{393CA54D-A29C-49D1-B385-215EA5E77E27}"
EndProject
Project("{9A19103F-16F7-4668-BE54-9A1E7A4F7556}") = "Netnr.Admin.Domain", "Netnr.Admin.Domain\Netnr.Admin.Domain.csproj", "{F7C652C4-0629-4A01-8A81-362CD540987F}"
EndProject
Project("{9A19103F-16F7-4668-BE54-9A1E7A4F7556}") = "Netnr.Admin.Web", "Netnr.Admin.Web\Netnr.Admin.Web.csproj", "{42B50730-323F-484D-847B-1199BECC8492}"
EndProject
Project("{9A19103F-16F7-4668-BE54-9A1E7A4F7556}") = "Netnr.Blog.Application", "Netnr.Blog.Application\Netnr.Blog.Application.csproj", "{AB85EF7E-ED79-4646-A8ED-BDD3C11B957A}"
EndProject
Project("{9A19103F-16F7-4668-BE54-9A1E7A4F7556}") = "Netnr.Blog.Domain", "Netnr.Blog.Domain\Netnr.Blog.Domain.csproj", "{E7E0AEFE-68BE-46C4-A011-7AC86253BF61}"
EndProject
Project("{9A19103F-16F7-4668-BE54-9A1E7A4F7556}") = "Netnr.Blog.Web", "Netnr.Blog.Web\Netnr.Blog.Web.csproj", "{E755E62A-A267-42C4-83CB-2B9796F40242}"
EndProject
Project("{9A19103F-16F7-4668-BE54-9A1E7A4F7556}") = "Netnr.Core", "Netnr.Core\Netnr.Core.csproj", "{C24CE417-35DF-46C9-86D8-5D96597B3EE3}"
EndProject
Project("{9A19103F-16F7-4668-BE54-9A1E7A4F7556}") = "Netnr.DataKit", "Netnr.DataKit\Netnr.DataKit.csproj", "{326658EF-6289-44B4-A27B-53A3C868F11B}"
EndProject
Project("{9A19103F-16F7-4668-BE54-9A1E7A4F7556}") = "Netnr.Demo", "Netnr.Demo\Netnr.Demo.csproj", "{2F63B482-41F8-4CC4-8FE1-949C70116E81}"
EndProject
Project("{9A19103F-16F7-4668-BE54-9A1E7A4F7556}") = "Netnr.DataX", "Netnr.DataX\Netnr.DataX.csproj", "{BA7A3C84-6F75-4546-B584-5A96F981B3DE}"
EndProject
Project("{9A19103F-16F7-4668-BE54-9A1E7A4F7556}") = "Netnr.FileServer", "Netnr.FileServer\Netnr.FileServer.csproj", "{7B77695A-1A83-429E-B43C-F4A77B3A0B25}"
EndProject
Project("{9A19103F-16F7-4668-BE54-9A1E7A4F7556}") = "Netnr.GraphDemo", "Netnr.GraphDemo\Netnr.GraphDemo.csproj", "{D8D094E2-42E9-4AC8-80BB-1B216659A645}"
EndProject
Project("{9A19103F-16F7-4668-BE54-9A1E7A4F7556}") = "Netnr.Login", "Netnr.Login\Netnr.Login.csproj", "{41C67A42-E865-4560-ACC2-F87BA75D4987}"
EndProject
Project("{9A19103F-16F7-4668-BE54-9A1E7A4F7556}") = "Netnr.ResponseFramework.Application", "Netnr.ResponseFramework.Application\Netnr.ResponseFramework.Application.csproj", "{61B0A8C3-A032-4F41-A063-A863A8AF5587}"
EndProject
Project("{9A19103F-16F7-4668-BE54-9A1E7A4F7556}") = "Netnr.ResponseFramework.Domain", "Netnr.ResponseFramework.Domain\Netnr.ResponseFramework.Domain.csproj", "{526FBECC-7D6B-4579-9548-49D6D13FA874}"
EndProject
Project("{9A19103F-16F7-4668-BE54-9A1E7A4F7556}") = "Netnr.ResponseFramework.Web", "Netnr.ResponseFramework.Web\Netnr.ResponseFramework.Web.csproj", "{6523288D-AD39-4516-B649-BAE0A83B379A}"
EndProject
Project("{9A19103F-16F7-4668-BE54-9A1E7A4F7556}") = "Netnr.Serve", "Netnr.Serve\Netnr.Serve.csproj", "{E95427A6-F48C-4D79-AF63-0D8EC96C653E}"
EndProject
Project("{D954291E-2A0B-460D-934E-DC6B0785DB48}") = "Netnr.Shared", "Netnr.Shared\Netnr.Shared.shproj", "{37A82AE4-A2F0-40C8-A084-237E256E543F}"
EndProject
Project("{9A19103F-16F7-4668-BE54-9A1E7A4F7556}") = "Netnr.SMS", "Netnr.SMS\Netnr.SMS.csproj", "{0FC1488F-05B9-47A8-BA2A-BD2C804F6ADB}"
EndProject
Project("{9A19103F-16F7-4668-BE54-9A1E7A4F7556}") = "Netnr.Test", "Netnr.Test\Netnr.Test.csproj", "{D994BEA3-37D2-4403-9571-2D1F53C8A8E0}"
EndProject
Project("{9A19103F-16F7-4668-BE54-9A1E7A4F7556}") = "Netnr.UAParser", "Netnr.UAParser\Netnr.UAParser.csproj", "{25636B8A-44D3-41BE-A812-25BCAA4E4F58}"
EndProject
Project("{2150E333-8FDC-42A3-9474-1A3956D46DE8}") = "00 Shared", "00 Shared", "{E376EECE-5089-446A-8335-DAE68DD3475A}"
EndProject
Project("{2150E333-8FDC-42A3-9474-1A3956D46DE8}") = "01 Library", "01 Library", "{29BB9882-4408-476B-9856-4E1235DBEB4A}"
EndProject
Project("{2150E333-8FDC-42A3-9474-1A3956D46DE8}") = "10 Blog", "10 Blog", "{00C36FD2-C51A-4000-A355-FA128D648553}"
EndProject
Project("{2150E333-8FDC-42A3-9474-1A3956D46DE8}") = "20 RF", "20 RF", "{8413C566-BD2F-4D4C-8071-19C919DAC241}"
EndProject
Project("{2150E333-8FDC-42A3-9474-1A3956D46DE8}") = "30 Admin", "30 Admin", "{ED275630-B723-440F-9127-BE05985ED126}"
EndProject
Project("{2150E333-8FDC-42A3-9474-1A3956D46DE8}") = "80 Single", "80 Single", "{B3F4B929-300F-42B3-BEF2-2C3310568B3F}"
EndProject
Project("{9A19103F-16F7-4668-BE54-9A1E7A4F7556}") = "Netnr.XOps", "Netnr.XOps\Netnr.XOps.csproj", "{8D10378D-06E2-47D9-B600-B7A5A5A166BA}"
EndProject
Global
	GlobalSection(SolutionConfigurationPlatforms) = preSolution
		Debug|Any CPU = Debug|Any CPU
		Release|Any CPU = Release|Any CPU
	EndGlobalSection
	GlobalSection(ProjectConfigurationPlatforms) = postSolution
		{EE0E9B37-4052-4413-BCC2-46E54CC59320}.Debug|Any CPU.ActiveCfg = Debug|Any CPU
		{EE0E9B37-4052-4413-BCC2-46E54CC59320}.Debug|Any CPU.Build.0 = Debug|Any CPU
		{EE0E9B37-4052-4413-BCC2-46E54CC59320}.Release|Any CPU.ActiveCfg = Release|Any CPU
		{EE0E9B37-4052-4413-BCC2-46E54CC59320}.Release|Any CPU.Build.0 = Release|Any CPU
		{393CA54D-A29C-49D1-B385-215EA5E77E27}.Debug|Any CPU.ActiveCfg = Debug|Any CPU
		{393CA54D-A29C-49D1-B385-215EA5E77E27}.Debug|Any CPU.Build.0 = Debug|Any CPU
		{393CA54D-A29C-49D1-B385-215EA5E77E27}.Release|Any CPU.ActiveCfg = Release|Any CPU
		{393CA54D-A29C-49D1-B385-215EA5E77E27}.Release|Any CPU.Build.0 = Release|Any CPU
		{F7C652C4-0629-4A01-8A81-362CD540987F}.Debug|Any CPU.ActiveCfg = Debug|Any CPU
		{F7C652C4-0629-4A01-8A81-362CD540987F}.Debug|Any CPU.Build.0 = Debug|Any CPU
		{F7C652C4-0629-4A01-8A81-362CD540987F}.Release|Any CPU.ActiveCfg = Release|Any CPU
		{F7C652C4-0629-4A01-8A81-362CD540987F}.Release|Any CPU.Build.0 = Release|Any CPU
		{42B50730-323F-484D-847B-1199BECC8492}.Debug|Any CPU.ActiveCfg = Debug|Any CPU
		{42B50730-323F-484D-847B-1199BECC8492}.Debug|Any CPU.Build.0 = Debug|Any CPU
		{42B50730-323F-484D-847B-1199BECC8492}.Release|Any CPU.ActiveCfg = Release|Any CPU
		{42B50730-323F-484D-847B-1199BECC8492}.Release|Any CPU.Build.0 = Release|Any CPU
		{AB85EF7E-ED79-4646-A8ED-BDD3C11B957A}.Debug|Any CPU.ActiveCfg = Debug|Any CPU
		{AB85EF7E-ED79-4646-A8ED-BDD3C11B957A}.Debug|Any CPU.Build.0 = Debug|Any CPU
		{AB85EF7E-ED79-4646-A8ED-BDD3C11B957A}.Release|Any CPU.ActiveCfg = Release|Any CPU
		{AB85EF7E-ED79-4646-A8ED-BDD3C11B957A}.Release|Any CPU.Build.0 = Release|Any CPU
		{E7E0AEFE-68BE-46C4-A011-7AC86253BF61}.Debug|Any CPU.ActiveCfg = Debug|Any CPU
		{E7E0AEFE-68BE-46C4-A011-7AC86253BF61}.Debug|Any CPU.Build.0 = Debug|Any CPU
		{E7E0AEFE-68BE-46C4-A011-7AC86253BF61}.Release|Any CPU.ActiveCfg = Release|Any CPU
		{E7E0AEFE-68BE-46C4-A011-7AC86253BF61}.Release|Any CPU.Build.0 = Release|Any CPU
		{E755E62A-A267-42C4-83CB-2B9796F40242}.Debug|Any CPU.ActiveCfg = Debug|Any CPU
		{E755E62A-A267-42C4-83CB-2B9796F40242}.Debug|Any CPU.Build.0 = Debug|Any CPU
		{E755E62A-A267-42C4-83CB-2B9796F40242}.Release|Any CPU.ActiveCfg = Release|Any CPU
		{E755E62A-A267-42C4-83CB-2B9796F40242}.Release|Any CPU.Build.0 = Release|Any CPU
		{C24CE417-35DF-46C9-86D8-5D96597B3EE3}.Debug|Any CPU.ActiveCfg = Debug|Any CPU
		{C24CE417-35DF-46C9-86D8-5D96597B3EE3}.Debug|Any CPU.Build.0 = Debug|Any CPU
		{C24CE417-35DF-46C9-86D8-5D96597B3EE3}.Release|Any CPU.ActiveCfg = Release|Any CPU
		{C24CE417-35DF-46C9-86D8-5D96597B3EE3}.Release|Any CPU.Build.0 = Release|Any CPU
		{326658EF-6289-44B4-A27B-53A3C868F11B}.Debug|Any CPU.ActiveCfg = Debug|Any CPU
		{326658EF-6289-44B4-A27B-53A3C868F11B}.Debug|Any CPU.Build.0 = Debug|Any CPU
		{326658EF-6289-44B4-A27B-53A3C868F11B}.Release|Any CPU.ActiveCfg = Release|Any CPU
		{326658EF-6289-44B4-A27B-53A3C868F11B}.Release|Any CPU.Build.0 = Release|Any CPU
		{2F63B482-41F8-4CC4-8FE1-949C70116E81}.Debug|Any CPU.ActiveCfg = Debug|Any CPU
		{2F63B482-41F8-4CC4-8FE1-949C70116E81}.Debug|Any CPU.Build.0 = Debug|Any CPU
		{2F63B482-41F8-4CC4-8FE1-949C70116E81}.Release|Any CPU.ActiveCfg = Release|Any CPU
		{2F63B482-41F8-4CC4-8FE1-949C70116E81}.Release|Any CPU.Build.0 = Release|Any CPU
		{BA7A3C84-6F75-4546-B584-5A96F981B3DE}.Debug|Any CPU.ActiveCfg = Debug|Any CPU
		{BA7A3C84-6F75-4546-B584-5A96F981B3DE}.Debug|Any CPU.Build.0 = Debug|Any CPU
		{BA7A3C84-6F75-4546-B584-5A96F981B3DE}.Release|Any CPU.ActiveCfg = Release|Any CPU
		{BA7A3C84-6F75-4546-B584-5A96F981B3DE}.Release|Any CPU.Build.0 = Release|Any CPU
		{7B77695A-1A83-429E-B43C-F4A77B3A0B25}.Debug|Any CPU.ActiveCfg = Debug|Any CPU
		{7B77695A-1A83-429E-B43C-F4A77B3A0B25}.Debug|Any CPU.Build.0 = Debug|Any CPU
		{7B77695A-1A83-429E-B43C-F4A77B3A0B25}.Release|Any CPU.ActiveCfg = Release|Any CPU
		{7B77695A-1A83-429E-B43C-F4A77B3A0B25}.Release|Any CPU.Build.0 = Release|Any CPU
		{D8D094E2-42E9-4AC8-80BB-1B216659A645}.Debug|Any CPU.ActiveCfg = Debug|Any CPU
		{D8D094E2-42E9-4AC8-80BB-1B216659A645}.Debug|Any CPU.Build.0 = Debug|Any CPU
		{D8D094E2-42E9-4AC8-80BB-1B216659A645}.Release|Any CPU.ActiveCfg = Release|Any CPU
		{D8D094E2-42E9-4AC8-80BB-1B216659A645}.Release|Any CPU.Build.0 = Release|Any CPU
		{41C67A42-E865-4560-ACC2-F87BA75D4987}.Debug|Any CPU.ActiveCfg = Debug|Any CPU
		{41C67A42-E865-4560-ACC2-F87BA75D4987}.Debug|Any CPU.Build.0 = Debug|Any CPU
		{41C67A42-E865-4560-ACC2-F87BA75D4987}.Release|Any CPU.ActiveCfg = Release|Any CPU
		{41C67A42-E865-4560-ACC2-F87BA75D4987}.Release|Any CPU.Build.0 = Release|Any CPU
		{61B0A8C3-A032-4F41-A063-A863A8AF5587}.Debug|Any CPU.ActiveCfg = Debug|Any CPU
		{61B0A8C3-A032-4F41-A063-A863A8AF5587}.Debug|Any CPU.Build.0 = Debug|Any CPU
		{61B0A8C3-A032-4F41-A063-A863A8AF5587}.Release|Any CPU.ActiveCfg = Release|Any CPU
		{61B0A8C3-A032-4F41-A063-A863A8AF5587}.Release|Any CPU.Build.0 = Release|Any CPU
		{526FBECC-7D6B-4579-9548-49D6D13FA874}.Debug|Any CPU.ActiveCfg = Debug|Any CPU
		{526FBECC-7D6B-4579-9548-49D6D13FA874}.Debug|Any CPU.Build.0 = Debug|Any CPU
		{526FBECC-7D6B-4579-9548-49D6D13FA874}.Release|Any CPU.ActiveCfg = Release|Any CPU
		{526FBECC-7D6B-4579-9548-49D6D13FA874}.Release|Any CPU.Build.0 = Release|Any CPU
		{6523288D-AD39-4516-B649-BAE0A83B379A}.Debug|Any CPU.ActiveCfg = Debug|Any CPU
		{6523288D-AD39-4516-B649-BAE0A83B379A}.Debug|Any CPU.Build.0 = Debug|Any CPU
		{6523288D-AD39-4516-B649-BAE0A83B379A}.Release|Any CPU.ActiveCfg = Release|Any CPU
		{6523288D-AD39-4516-B649-BAE0A83B379A}.Release|Any CPU.Build.0 = Release|Any CPU
		{E95427A6-F48C-4D79-AF63-0D8EC96C653E}.Debug|Any CPU.ActiveCfg = Debug|Any CPU
		{E95427A6-F48C-4D79-AF63-0D8EC96C653E}.Debug|Any CPU.Build.0 = Debug|Any CPU
		{E95427A6-F48C-4D79-AF63-0D8EC96C653E}.Release|Any CPU.ActiveCfg = Release|Any CPU
		{E95427A6-F48C-4D79-AF63-0D8EC96C653E}.Release|Any CPU.Build.0 = Release|Any CPU
		{0FC1488F-05B9-47A8-BA2A-BD2C804F6ADB}.Debug|Any CPU.ActiveCfg = Debug|Any CPU
		{0FC1488F-05B9-47A8-BA2A-BD2C804F6ADB}.Debug|Any CPU.Build.0 = Debug|Any CPU
		{0FC1488F-05B9-47A8-BA2A-BD2C804F6ADB}.Release|Any CPU.ActiveCfg = Release|Any CPU
		{0FC1488F-05B9-47A8-BA2A-BD2C804F6ADB}.Release|Any CPU.Build.0 = Release|Any CPU
		{D994BEA3-37D2-4403-9571-2D1F53C8A8E0}.Debug|Any CPU.ActiveCfg = Debug|Any CPU
		{D994BEA3-37D2-4403-9571-2D1F53C8A8E0}.Debug|Any CPU.Build.0 = Debug|Any CPU
		{D994BEA3-37D2-4403-9571-2D1F53C8A8E0}.Release|Any CPU.ActiveCfg = Release|Any CPU
		{D994BEA3-37D2-4403-9571-2D1F53C8A8E0}.Release|Any CPU.Build.0 = Release|Any CPU
		{25636B8A-44D3-41BE-A812-25BCAA4E4F58}.Debug|Any CPU.ActiveCfg = Debug|Any CPU
		{25636B8A-44D3-41BE-A812-25BCAA4E4F58}.Debug|Any CPU.Build.0 = Debug|Any CPU
		{25636B8A-44D3-41BE-A812-25BCAA4E4F58}.Release|Any CPU.ActiveCfg = Release|Any CPU
		{25636B8A-44D3-41BE-A812-25BCAA4E4F58}.Release|Any CPU.Build.0 = Release|Any CPU
		{8D10378D-06E2-47D9-B600-B7A5A5A166BA}.Debug|Any CPU.ActiveCfg = Debug|Any CPU
		{8D10378D-06E2-47D9-B600-B7A5A5A166BA}.Debug|Any CPU.Build.0 = Debug|Any CPU
		{8D10378D-06E2-47D9-B600-B7A5A5A166BA}.Release|Any CPU.ActiveCfg = Release|Any CPU
		{8D10378D-06E2-47D9-B600-B7A5A5A166BA}.Release|Any CPU.Build.0 = Release|Any CPU
	EndGlobalSection
	GlobalSection(SolutionProperties) = preSolution
		HideSolutionNode = FALSE
	EndGlobalSection
	GlobalSection(NestedProjects) = preSolution
		{EE0E9B37-4052-4413-BCC2-46E54CC59320} = {29BB9882-4408-476B-9856-4E1235DBEB4A}
		{393CA54D-A29C-49D1-B385-215EA5E77E27} = {ED275630-B723-440F-9127-BE05985ED126}
		{F7C652C4-0629-4A01-8A81-362CD540987F} = {ED275630-B723-440F-9127-BE05985ED126}
		{42B50730-323F-484D-847B-1199BECC8492} = {ED275630-B723-440F-9127-BE05985ED126}
		{AB85EF7E-ED79-4646-A8ED-BDD3C11B957A} = {00C36FD2-C51A-4000-A355-FA128D648553}
		{E7E0AEFE-68BE-46C4-A011-7AC86253BF61} = {00C36FD2-C51A-4000-A355-FA128D648553}
		{E755E62A-A267-42C4-83CB-2B9796F40242} = {00C36FD2-C51A-4000-A355-FA128D648553}
		{C24CE417-35DF-46C9-86D8-5D96597B3EE3} = {29BB9882-4408-476B-9856-4E1235DBEB4A}
		{326658EF-6289-44B4-A27B-53A3C868F11B} = {B3F4B929-300F-42B3-BEF2-2C3310568B3F}
		{2F63B482-41F8-4CC4-8FE1-949C70116E81} = {B3F4B929-300F-42B3-BEF2-2C3310568B3F}
		{BA7A3C84-6F75-4546-B584-5A96F981B3DE} = {B3F4B929-300F-42B3-BEF2-2C3310568B3F}
		{7B77695A-1A83-429E-B43C-F4A77B3A0B25} = {B3F4B929-300F-42B3-BEF2-2C3310568B3F}
		{D8D094E2-42E9-4AC8-80BB-1B216659A645} = {B3F4B929-300F-42B3-BEF2-2C3310568B3F}
		{41C67A42-E865-4560-ACC2-F87BA75D4987} = {29BB9882-4408-476B-9856-4E1235DBEB4A}
		{61B0A8C3-A032-4F41-A063-A863A8AF5587} = {8413C566-BD2F-4D4C-8071-19C919DAC241}
		{526FBECC-7D6B-4579-9548-49D6D13FA874} = {8413C566-BD2F-4D4C-8071-19C919DAC241}
		{6523288D-AD39-4516-B649-BAE0A83B379A} = {8413C566-BD2F-4D4C-8071-19C919DAC241}
		{E95427A6-F48C-4D79-AF63-0D8EC96C653E} = {B3F4B929-300F-42B3-BEF2-2C3310568B3F}
		{37A82AE4-A2F0-40C8-A084-237E256E543F} = {E376EECE-5089-446A-8335-DAE68DD3475A}
		{0FC1488F-05B9-47A8-BA2A-BD2C804F6ADB} = {B3F4B929-300F-42B3-BEF2-2C3310568B3F}
		{25636B8A-44D3-41BE-A812-25BCAA4E4F58} = {29BB9882-4408-476B-9856-4E1235DBEB4A}
		{8D10378D-06E2-47D9-B600-B7A5A5A166BA} = {B3F4B929-300F-42B3-BEF2-2C3310568B3F}
	EndGlobalSection
	GlobalSection(ExtensibilityGlobals) = postSolution
		SolutionGuid = {8B711FAC-2268-4B27-A2F4-98670D151C91}
	EndGlobalSection
	GlobalSection(SharedMSBuildProjectFiles) = preSolution
		Netnr.Shared\Netnr.Shared.projitems*{0fc1488f-05b9-47a8-ba2a-bd2c804f6adb}*SharedItemsImports = 5
		Netnr.Shared\Netnr.Shared.projitems*{2f63b482-41f8-4cc4-8fe1-949c70116e81}*SharedItemsImports = 5
		Netnr.Shared\Netnr.Shared.projitems*{326658ef-6289-44b4-a27b-53a3c868f11b}*SharedItemsImports = 5
		Netnr.Shared\Netnr.Shared.projitems*{37a82ae4-a2f0-40c8-a084-237e256e543f}*SharedItemsImports = 13
		Netnr.Shared\Netnr.Shared.projitems*{393ca54d-a29c-49d1-b385-215ea5e77e27}*SharedItemsImports = 5
		Netnr.Shared\Netnr.Shared.projitems*{42b50730-323f-484d-847b-1199becc8492}*SharedItemsImports = 5
		Netnr.Shared\Netnr.Shared.projitems*{61b0a8c3-a032-4f41-a063-a863a8af5587}*SharedItemsImports = 5
		Netnr.Shared\Netnr.Shared.projitems*{6523288d-ad39-4516-b649-bae0a83b379a}*SharedItemsImports = 5
		Netnr.Shared\Netnr.Shared.projitems*{7b77695a-1a83-429e-b43c-f4a77b3a0b25}*SharedItemsImports = 5
		Netnr.Shared\Netnr.Shared.projitems*{8d10378d-06e2-47d9-b600-b7a5a5a166ba}*SharedItemsImports = 5
		Netnr.Shared\Netnr.Shared.projitems*{ab85ef7e-ed79-4646-a8ed-bdd3c11b957a}*SharedItemsImports = 5
		Netnr.Shared\Netnr.Shared.projitems*{ba7a3c84-6f75-4546-b584-5a96f981b3de}*SharedItemsImports = 5
		Netnr.Shared\Netnr.Shared.projitems*{d994bea3-37d2-4403-9571-2d1f53c8a8e0}*SharedItemsImports = 5
		Netnr.Shared\Netnr.Shared.projitems*{e755e62a-a267-42c4-83cb-2b9796f40242}*SharedItemsImports = 5
		Netnr.Shared\Netnr.Shared.projitems*{e95427a6-f48c-4d79-af63-0d8ec96c653e}*SharedItemsImports = 5
	EndGlobalSection
EndGlobal
