
Microsoft Visual Studio Solution File, Format Version 12.00
# Visual Studio Version 16
VisualStudioVersion = 16.0.30011.22
MinimumVisualStudioVersion = 10.0.40219.1
Project("{9A19103F-16F7-4668-BE54-9A1E7A4F7556}") = "Netnr.Core", "Netnr.Core\Netnr.Core.csproj", "{7E8538A4-3518-4E49-AE28-2C77E59E60B0}"
EndProject
Project("{9A19103F-16F7-4668-BE54-9A1E7A4F7556}") = "Netnr.Login", "Netnr.Login\Netnr.Login.csproj", "{8AC2A4DB-976F-456A-85D2-A9F1EA914ED8}"
EndProject
Project("{9A19103F-16F7-4668-BE54-9A1E7A4F7556}") = "Netnr.WeChat", "Netnr.WeChat\Netnr.WeChat.csproj", "{7810F844-36FD-4DE5-B3B7-C9B03CD33D86}"
EndProject
Project("{2150E333-8FDC-42A3-9474-1A3956D46DE8}") = "54 DataKit", "54 DataKit", "{70A676C8-6AEA-46EB-BFC9-FC295EAEB351}"
EndProject
Project("{2150E333-8FDC-42A3-9474-1A3956D46DE8}") = "08 ClassLibrary", "08 ClassLibrary", "{CF271090-3211-4C57-A076-C8D5D696E479}"
EndProject
Project("{2150E333-8FDC-42A3-9474-1A3956D46DE8}") = "56 Tool", "56 Tool", "{0870C836-0342-43E5-A0F3-87C88487DB66}"
EndProject
Project("{2150E333-8FDC-42A3-9474-1A3956D46DE8}") = "50 Blog", "50 Blog", "{0668834E-BA3C-4AFA-B222-820234F53CD2}"
EndProject
Project("{2150E333-8FDC-42A3-9474-1A3956D46DE8}") = "51 ResponseFramework", "51 ResponseFramework", "{9C11B0FC-3722-48BC-8E3D-3416F980790F}"
EndProject
Project("{2150E333-8FDC-42A3-9474-1A3956D46DE8}") = "55 FileServer", "55 FileServer", "{AE055777-515F-4806-8880-DC63EC7669BC}"
EndProject
Project("{9A19103F-16F7-4668-BE54-9A1E7A4F7556}") = "Netnr.FileServer", "Netnr.FileServer\Netnr.FileServer.csproj", "{E46FA4E1-44E6-48A8-A5B8-3F98000AE7BF}"
EndProject
Project("{2150E333-8FDC-42A3-9474-1A3956D46DE8}") = "53 Guff", "53 Guff", "{BE0447CB-9430-47E6-9954-71FCE0011FAF}"
EndProject
Project("{9A19103F-16F7-4668-BE54-9A1E7A4F7556}") = "Netnr.Guff", "Netnr.Guff\Netnr.Guff.csproj", "{176103F5-9AD0-42A1-B288-1F384FEC918D}"
EndProject
Project("{9A19103F-16F7-4668-BE54-9A1E7A4F7556}") = "Netnr.Tool", "Netnr.Tool\Netnr.Tool.csproj", "{4A3BD21D-7290-4C86-BD00-7725400CC446}"
EndProject
Project("{2150E333-8FDC-42A3-9474-1A3956D46DE8}") = "58 Chat", "58 Chat", "{80F86017-236F-4F9F-8B9B-17524B59013E}"
EndProject
Project("{9A19103F-16F7-4668-BE54-9A1E7A4F7556}") = "Netnr.Chat", "Netnr.Chat\Netnr.Chat.csproj", "{F500586B-5AE0-4283-B959-2654A3E21B6B}"
EndProject
Project("{2150E333-8FDC-42A3-9474-1A3956D46DE8}") = "52 ScriptService", "52 ScriptService", "{A01BEDFB-24F0-4B11-870E-0BB6016D2228}"
EndProject
Project("{9A19103F-16F7-4668-BE54-9A1E7A4F7556}") = "Netnr.ScriptService", "Netnr.ScriptService\Netnr.ScriptService.csproj", "{215CFC49-DE21-4387-AD7C-52C2401E69DA}"
EndProject
Project("{9A19103F-16F7-4668-BE54-9A1E7A4F7556}") = "Netnr.Blog.Domain", "Netnr.Blog.Domain\Netnr.Blog.Domain.csproj", "{AB17B140-0696-4E64-AA2D-57B1C33618B5}"
EndProject
Project("{9A19103F-16F7-4668-BE54-9A1E7A4F7556}") = "Netnr.Blog.Data", "Netnr.Blog.Data\Netnr.Blog.Data.csproj", "{6294172A-81F8-4286-BE0B-495BDB872438}"
EndProject
Project("{9A19103F-16F7-4668-BE54-9A1E7A4F7556}") = "Netnr.Blog.Application", "Netnr.Blog.Application\Netnr.Blog.Application.csproj", "{E6561193-B387-404E-AC3A-0CE9D267BF26}"
EndProject
Project("{9A19103F-16F7-4668-BE54-9A1E7A4F7556}") = "Netnr.Blog.Web", "Netnr.Blog.Web\Netnr.Blog.Web.csproj", "{E0F5AF79-7F30-4417-8E1B-346D44990D1E}"
EndProject
Project("{9A19103F-16F7-4668-BE54-9A1E7A4F7556}") = "Netnr.ResponseFramework.Domain", "Netnr.ResponseFramework.Domain\Netnr.ResponseFramework.Domain.csproj", "{C7DADE7C-5FC1-437A-8157-0529EA35A88E}"
EndProject
Project("{9A19103F-16F7-4668-BE54-9A1E7A4F7556}") = "Netnr.ResponseFramework.Data", "Netnr.ResponseFramework.Data\Netnr.ResponseFramework.Data.csproj", "{7BCA6CDB-6E14-41E9-986D-0390582E2DAB}"
EndProject
Project("{9A19103F-16F7-4668-BE54-9A1E7A4F7556}") = "Netnr.ResponseFramework.Application", "Netnr.ResponseFramework.Application\Netnr.ResponseFramework.Application.csproj", "{C3E1DC11-4331-48BF-9E8B-DF32B2C053D0}"
EndProject
Project("{9A19103F-16F7-4668-BE54-9A1E7A4F7556}") = "Netnr.ResponseFramework.Web", "Netnr.ResponseFramework.Web\Netnr.ResponseFramework.Web.csproj", "{C8137A02-02D6-4765-8AEA-F9B352CD15D5}"
EndProject
Project("{E24C65DC-7377-472B-9ABA-BC803B73C61A}") = "docs", "..\..\docs\", "{CCAAE9A4-54B4-42C7-9D7B-EB9179D9AF39}"
	ProjectSection(WebsiteProperties) = preProject
		TargetFrameworkMoniker = ".NETFramework,Version%3Dv4.0"
		Debug.AspNetCompiler.VirtualPath = "/localhost_60778"
		Debug.AspNetCompiler.PhysicalPath = "..\..\docs\"
		Debug.AspNetCompiler.TargetPath = "PrecompiledWeb\localhost_60778\"
		Debug.AspNetCompiler.Updateable = "true"
		Debug.AspNetCompiler.ForceOverwrite = "true"
		Debug.AspNetCompiler.FixedNames = "false"
		Debug.AspNetCompiler.Debug = "True"
		Release.AspNetCompiler.VirtualPath = "/localhost_60778"
		Release.AspNetCompiler.PhysicalPath = "..\..\docs\"
		Release.AspNetCompiler.TargetPath = "PrecompiledWeb\localhost_60778\"
		Release.AspNetCompiler.Updateable = "true"
		Release.AspNetCompiler.ForceOverwrite = "true"
		Release.AspNetCompiler.FixedNames = "false"
		Release.AspNetCompiler.Debug = "False"
		VWDPort = "60778"
		SlnRelativePath = "..\..\docs\"
	EndProjectSection
EndProject
Project("{2150E333-8FDC-42A3-9474-1A3956D46DE8}") = "59 Demo", "59 Demo", "{FD80CF2D-F394-4A89-87FF-0E6BF109AF21}"
EndProject
Project("{9A19103F-16F7-4668-BE54-9A1E7A4F7556}") = "Netnr.CaptchaDemo", "Netnr.CaptchaDemo\Netnr.CaptchaDemo.csproj", "{04BDC2C1-3417-45C2-8DF1-25F7E6E5C7E1}"
EndProject
Project("{9A19103F-16F7-4668-BE54-9A1E7A4F7556}") = "Netnr.Test", "Netnr.Test\Netnr.Test.csproj", "{4A8CE4EE-2CA6-4414-A0C0-AFF8084B5ED1}"
EndProject
Project("{9A19103F-16F7-4668-BE54-9A1E7A4F7556}") = "Netnr.DataKit.Web", "Netnr.DataKit.Web\Netnr.DataKit.Web.csproj", "{962F1F29-4DDC-48C6-8043-915240872570}"
EndProject
Project("{D954291E-2A0B-460D-934E-DC6B0785DB48}") = "Netnr.Shared", "Netnr.Shared\Netnr.Shared.shproj", "{37A82AE4-A2F0-40C8-A084-237E256E543F}"
EndProject
Project("{2150E333-8FDC-42A3-9474-1A3956D46DE8}") = "01 Shared", "01 Shared", "{4F110821-2C36-4DC3-9F95-59427B998E54}"
EndProject
Project("{2150E333-8FDC-42A3-9474-1A3956D46DE8}") = "60 Swagger", "60 Swagger", "{E0BFB32D-82D2-4FC2-8E5C-1BB52F8ED850}"
EndProject
Project("{9A19103F-16F7-4668-BE54-9A1E7A4F7556}") = "Netnr.BuildSwagger", "Netnr.BuildSwagger\Netnr.BuildSwagger.csproj", "{3770B6CC-FF8A-4059-B511-3673238E455D}"
EndProject
Global
	GlobalSection(SharedMSBuildProjectFiles) = preSolution
		Netnr.Shared\Netnr.Shared.projitems*{176103f5-9ad0-42a1-b288-1f384fec918d}*SharedItemsImports = 5
		Netnr.Shared\Netnr.Shared.projitems*{215cfc49-de21-4387-ad7c-52c2401e69da}*SharedItemsImports = 5
		Netnr.Shared\Netnr.Shared.projitems*{37a82ae4-a2f0-40c8-a084-237e256e543f}*SharedItemsImports = 13
		Netnr.Shared\Netnr.Shared.projitems*{4a8ce4ee-2ca6-4414-a0c0-aff8084b5ed1}*SharedItemsImports = 5
		Netnr.Shared\Netnr.Shared.projitems*{6294172a-81f8-4286-be0b-495bdb872438}*SharedItemsImports = 5
		Netnr.Shared\Netnr.Shared.projitems*{7bca6cdb-6e14-41e9-986d-0390582e2dab}*SharedItemsImports = 5
		Netnr.Shared\Netnr.Shared.projitems*{962f1f29-4ddc-48c6-8043-915240872570}*SharedItemsImports = 5
		Netnr.Shared\Netnr.Shared.projitems*{c3e1dc11-4331-48bf-9e8b-df32b2c053d0}*SharedItemsImports = 5
		Netnr.Shared\Netnr.Shared.projitems*{c8137a02-02d6-4765-8aea-f9b352cd15d5}*SharedItemsImports = 5
		Netnr.Shared\Netnr.Shared.projitems*{e0f5af79-7f30-4417-8e1b-346d44990d1e}*SharedItemsImports = 5
		Netnr.Shared\Netnr.Shared.projitems*{e46fa4e1-44e6-48a8-a5b8-3f98000ae7bf}*SharedItemsImports = 5
		Netnr.Shared\Netnr.Shared.projitems*{f500586b-5ae0-4283-b959-2654a3e21b6b}*SharedItemsImports = 5
	EndGlobalSection
	GlobalSection(SolutionConfigurationPlatforms) = preSolution
		Debug|Any CPU = Debug|Any CPU
		Release|Any CPU = Release|Any CPU
	EndGlobalSection
	GlobalSection(ProjectConfigurationPlatforms) = postSolution
		{7E8538A4-3518-4E49-AE28-2C77E59E60B0}.Debug|Any CPU.ActiveCfg = Debug|Any CPU
		{7E8538A4-3518-4E49-AE28-2C77E59E60B0}.Debug|Any CPU.Build.0 = Debug|Any CPU
		{7E8538A4-3518-4E49-AE28-2C77E59E60B0}.Release|Any CPU.ActiveCfg = Release|Any CPU
		{7E8538A4-3518-4E49-AE28-2C77E59E60B0}.Release|Any CPU.Build.0 = Release|Any CPU
		{8AC2A4DB-976F-456A-85D2-A9F1EA914ED8}.Debug|Any CPU.ActiveCfg = Debug|Any CPU
		{8AC2A4DB-976F-456A-85D2-A9F1EA914ED8}.Debug|Any CPU.Build.0 = Debug|Any CPU
		{8AC2A4DB-976F-456A-85D2-A9F1EA914ED8}.Release|Any CPU.ActiveCfg = Release|Any CPU
		{8AC2A4DB-976F-456A-85D2-A9F1EA914ED8}.Release|Any CPU.Build.0 = Release|Any CPU
		{7810F844-36FD-4DE5-B3B7-C9B03CD33D86}.Debug|Any CPU.ActiveCfg = Debug|Any CPU
		{7810F844-36FD-4DE5-B3B7-C9B03CD33D86}.Debug|Any CPU.Build.0 = Debug|Any CPU
		{7810F844-36FD-4DE5-B3B7-C9B03CD33D86}.Release|Any CPU.ActiveCfg = Release|Any CPU
		{7810F844-36FD-4DE5-B3B7-C9B03CD33D86}.Release|Any CPU.Build.0 = Release|Any CPU
		{E46FA4E1-44E6-48A8-A5B8-3F98000AE7BF}.Debug|Any CPU.ActiveCfg = Debug|Any CPU
		{E46FA4E1-44E6-48A8-A5B8-3F98000AE7BF}.Debug|Any CPU.Build.0 = Debug|Any CPU
		{E46FA4E1-44E6-48A8-A5B8-3F98000AE7BF}.Release|Any CPU.ActiveCfg = Release|Any CPU
		{E46FA4E1-44E6-48A8-A5B8-3F98000AE7BF}.Release|Any CPU.Build.0 = Release|Any CPU
		{176103F5-9AD0-42A1-B288-1F384FEC918D}.Debug|Any CPU.ActiveCfg = Debug|Any CPU
		{176103F5-9AD0-42A1-B288-1F384FEC918D}.Debug|Any CPU.Build.0 = Debug|Any CPU
		{176103F5-9AD0-42A1-B288-1F384FEC918D}.Release|Any CPU.ActiveCfg = Release|Any CPU
		{176103F5-9AD0-42A1-B288-1F384FEC918D}.Release|Any CPU.Build.0 = Release|Any CPU
		{4A3BD21D-7290-4C86-BD00-7725400CC446}.Debug|Any CPU.ActiveCfg = Debug|Any CPU
		{4A3BD21D-7290-4C86-BD00-7725400CC446}.Debug|Any CPU.Build.0 = Debug|Any CPU
		{4A3BD21D-7290-4C86-BD00-7725400CC446}.Release|Any CPU.ActiveCfg = Release|Any CPU
		{4A3BD21D-7290-4C86-BD00-7725400CC446}.Release|Any CPU.Build.0 = Release|Any CPU
		{F500586B-5AE0-4283-B959-2654A3E21B6B}.Debug|Any CPU.ActiveCfg = Debug|Any CPU
		{F500586B-5AE0-4283-B959-2654A3E21B6B}.Debug|Any CPU.Build.0 = Debug|Any CPU
		{F500586B-5AE0-4283-B959-2654A3E21B6B}.Release|Any CPU.ActiveCfg = Release|Any CPU
		{F500586B-5AE0-4283-B959-2654A3E21B6B}.Release|Any CPU.Build.0 = Release|Any CPU
		{215CFC49-DE21-4387-AD7C-52C2401E69DA}.Debug|Any CPU.ActiveCfg = Debug|Any CPU
		{215CFC49-DE21-4387-AD7C-52C2401E69DA}.Debug|Any CPU.Build.0 = Debug|Any CPU
		{215CFC49-DE21-4387-AD7C-52C2401E69DA}.Release|Any CPU.ActiveCfg = Release|Any CPU
		{215CFC49-DE21-4387-AD7C-52C2401E69DA}.Release|Any CPU.Build.0 = Release|Any CPU
		{AB17B140-0696-4E64-AA2D-57B1C33618B5}.Debug|Any CPU.ActiveCfg = Debug|Any CPU
		{AB17B140-0696-4E64-AA2D-57B1C33618B5}.Debug|Any CPU.Build.0 = Debug|Any CPU
		{AB17B140-0696-4E64-AA2D-57B1C33618B5}.Release|Any CPU.ActiveCfg = Release|Any CPU
		{AB17B140-0696-4E64-AA2D-57B1C33618B5}.Release|Any CPU.Build.0 = Release|Any CPU
		{6294172A-81F8-4286-BE0B-495BDB872438}.Debug|Any CPU.ActiveCfg = Debug|Any CPU
		{6294172A-81F8-4286-BE0B-495BDB872438}.Debug|Any CPU.Build.0 = Debug|Any CPU
		{6294172A-81F8-4286-BE0B-495BDB872438}.Release|Any CPU.ActiveCfg = Release|Any CPU
		{6294172A-81F8-4286-BE0B-495BDB872438}.Release|Any CPU.Build.0 = Release|Any CPU
		{E6561193-B387-404E-AC3A-0CE9D267BF26}.Debug|Any CPU.ActiveCfg = Debug|Any CPU
		{E6561193-B387-404E-AC3A-0CE9D267BF26}.Debug|Any CPU.Build.0 = Debug|Any CPU
		{E6561193-B387-404E-AC3A-0CE9D267BF26}.Release|Any CPU.ActiveCfg = Release|Any CPU
		{E6561193-B387-404E-AC3A-0CE9D267BF26}.Release|Any CPU.Build.0 = Release|Any CPU
		{E0F5AF79-7F30-4417-8E1B-346D44990D1E}.Debug|Any CPU.ActiveCfg = Debug|Any CPU
		{E0F5AF79-7F30-4417-8E1B-346D44990D1E}.Debug|Any CPU.Build.0 = Debug|Any CPU
		{E0F5AF79-7F30-4417-8E1B-346D44990D1E}.Release|Any CPU.ActiveCfg = Release|Any CPU
		{E0F5AF79-7F30-4417-8E1B-346D44990D1E}.Release|Any CPU.Build.0 = Release|Any CPU
		{C7DADE7C-5FC1-437A-8157-0529EA35A88E}.Debug|Any CPU.ActiveCfg = Debug|Any CPU
		{C7DADE7C-5FC1-437A-8157-0529EA35A88E}.Debug|Any CPU.Build.0 = Debug|Any CPU
		{C7DADE7C-5FC1-437A-8157-0529EA35A88E}.Release|Any CPU.ActiveCfg = Release|Any CPU
		{C7DADE7C-5FC1-437A-8157-0529EA35A88E}.Release|Any CPU.Build.0 = Release|Any CPU
		{7BCA6CDB-6E14-41E9-986D-0390582E2DAB}.Debug|Any CPU.ActiveCfg = Debug|Any CPU
		{7BCA6CDB-6E14-41E9-986D-0390582E2DAB}.Debug|Any CPU.Build.0 = Debug|Any CPU
		{7BCA6CDB-6E14-41E9-986D-0390582E2DAB}.Release|Any CPU.ActiveCfg = Release|Any CPU
		{7BCA6CDB-6E14-41E9-986D-0390582E2DAB}.Release|Any CPU.Build.0 = Release|Any CPU
		{C3E1DC11-4331-48BF-9E8B-DF32B2C053D0}.Debug|Any CPU.ActiveCfg = Debug|Any CPU
		{C3E1DC11-4331-48BF-9E8B-DF32B2C053D0}.Debug|Any CPU.Build.0 = Debug|Any CPU
		{C3E1DC11-4331-48BF-9E8B-DF32B2C053D0}.Release|Any CPU.ActiveCfg = Release|Any CPU
		{C3E1DC11-4331-48BF-9E8B-DF32B2C053D0}.Release|Any CPU.Build.0 = Release|Any CPU
		{C8137A02-02D6-4765-8AEA-F9B352CD15D5}.Debug|Any CPU.ActiveCfg = Debug|Any CPU
		{C8137A02-02D6-4765-8AEA-F9B352CD15D5}.Debug|Any CPU.Build.0 = Debug|Any CPU
		{C8137A02-02D6-4765-8AEA-F9B352CD15D5}.Release|Any CPU.ActiveCfg = Release|Any CPU
		{C8137A02-02D6-4765-8AEA-F9B352CD15D5}.Release|Any CPU.Build.0 = Release|Any CPU
		{CCAAE9A4-54B4-42C7-9D7B-EB9179D9AF39}.Debug|Any CPU.ActiveCfg = Debug|Any CPU
		{CCAAE9A4-54B4-42C7-9D7B-EB9179D9AF39}.Release|Any CPU.ActiveCfg = Debug|Any CPU
		{CCAAE9A4-54B4-42C7-9D7B-EB9179D9AF39}.Release|Any CPU.Build.0 = Debug|Any CPU
		{04BDC2C1-3417-45C2-8DF1-25F7E6E5C7E1}.Debug|Any CPU.ActiveCfg = Debug|Any CPU
		{04BDC2C1-3417-45C2-8DF1-25F7E6E5C7E1}.Debug|Any CPU.Build.0 = Debug|Any CPU
		{04BDC2C1-3417-45C2-8DF1-25F7E6E5C7E1}.Release|Any CPU.ActiveCfg = Release|Any CPU
		{04BDC2C1-3417-45C2-8DF1-25F7E6E5C7E1}.Release|Any CPU.Build.0 = Release|Any CPU
		{4A8CE4EE-2CA6-4414-A0C0-AFF8084B5ED1}.Debug|Any CPU.ActiveCfg = Debug|Any CPU
		{4A8CE4EE-2CA6-4414-A0C0-AFF8084B5ED1}.Debug|Any CPU.Build.0 = Debug|Any CPU
		{4A8CE4EE-2CA6-4414-A0C0-AFF8084B5ED1}.Release|Any CPU.ActiveCfg = Release|Any CPU
		{4A8CE4EE-2CA6-4414-A0C0-AFF8084B5ED1}.Release|Any CPU.Build.0 = Release|Any CPU
		{962F1F29-4DDC-48C6-8043-915240872570}.Debug|Any CPU.ActiveCfg = Debug|Any CPU
		{962F1F29-4DDC-48C6-8043-915240872570}.Debug|Any CPU.Build.0 = Debug|Any CPU
		{962F1F29-4DDC-48C6-8043-915240872570}.Release|Any CPU.ActiveCfg = Release|Any CPU
		{962F1F29-4DDC-48C6-8043-915240872570}.Release|Any CPU.Build.0 = Release|Any CPU
		{3770B6CC-FF8A-4059-B511-3673238E455D}.Debug|Any CPU.ActiveCfg = Debug|Any CPU
		{3770B6CC-FF8A-4059-B511-3673238E455D}.Debug|Any CPU.Build.0 = Debug|Any CPU
		{3770B6CC-FF8A-4059-B511-3673238E455D}.Release|Any CPU.ActiveCfg = Release|Any CPU
		{3770B6CC-FF8A-4059-B511-3673238E455D}.Release|Any CPU.Build.0 = Release|Any CPU
	EndGlobalSection
	GlobalSection(SolutionProperties) = preSolution
		HideSolutionNode = FALSE
	EndGlobalSection
	GlobalSection(NestedProjects) = preSolution
		{7E8538A4-3518-4E49-AE28-2C77E59E60B0} = {CF271090-3211-4C57-A076-C8D5D696E479}
		{8AC2A4DB-976F-456A-85D2-A9F1EA914ED8} = {CF271090-3211-4C57-A076-C8D5D696E479}
		{7810F844-36FD-4DE5-B3B7-C9B03CD33D86} = {CF271090-3211-4C57-A076-C8D5D696E479}
		{E46FA4E1-44E6-48A8-A5B8-3F98000AE7BF} = {AE055777-515F-4806-8880-DC63EC7669BC}
		{176103F5-9AD0-42A1-B288-1F384FEC918D} = {BE0447CB-9430-47E6-9954-71FCE0011FAF}
		{4A3BD21D-7290-4C86-BD00-7725400CC446} = {0870C836-0342-43E5-A0F3-87C88487DB66}
		{F500586B-5AE0-4283-B959-2654A3E21B6B} = {80F86017-236F-4F9F-8B9B-17524B59013E}
		{215CFC49-DE21-4387-AD7C-52C2401E69DA} = {A01BEDFB-24F0-4B11-870E-0BB6016D2228}
		{AB17B140-0696-4E64-AA2D-57B1C33618B5} = {0668834E-BA3C-4AFA-B222-820234F53CD2}
		{6294172A-81F8-4286-BE0B-495BDB872438} = {0668834E-BA3C-4AFA-B222-820234F53CD2}
		{E6561193-B387-404E-AC3A-0CE9D267BF26} = {0668834E-BA3C-4AFA-B222-820234F53CD2}
		{E0F5AF79-7F30-4417-8E1B-346D44990D1E} = {0668834E-BA3C-4AFA-B222-820234F53CD2}
		{C7DADE7C-5FC1-437A-8157-0529EA35A88E} = {9C11B0FC-3722-48BC-8E3D-3416F980790F}
		{7BCA6CDB-6E14-41E9-986D-0390582E2DAB} = {9C11B0FC-3722-48BC-8E3D-3416F980790F}
		{C3E1DC11-4331-48BF-9E8B-DF32B2C053D0} = {9C11B0FC-3722-48BC-8E3D-3416F980790F}
		{C8137A02-02D6-4765-8AEA-F9B352CD15D5} = {9C11B0FC-3722-48BC-8E3D-3416F980790F}
		{04BDC2C1-3417-45C2-8DF1-25F7E6E5C7E1} = {FD80CF2D-F394-4A89-87FF-0E6BF109AF21}
		{962F1F29-4DDC-48C6-8043-915240872570} = {70A676C8-6AEA-46EB-BFC9-FC295EAEB351}
		{37A82AE4-A2F0-40C8-A084-237E256E543F} = {4F110821-2C36-4DC3-9F95-59427B998E54}
		{3770B6CC-FF8A-4059-B511-3673238E455D} = {E0BFB32D-82D2-4FC2-8E5C-1BB52F8ED850}
	EndGlobalSection
	GlobalSection(ExtensibilityGlobals) = postSolution
		SolutionGuid = {B748ADB4-97F0-4295-BA4D-ACC3AB5DA0B2}
	EndGlobalSection
EndGlobal
