{
  "requires": true,
  "lockfileVersion": 1,
  "dependencies": {
    "@trysound/sax": {
      "version": "0.2.0",
      "resolved": "https://registry.nlark.com/@trysound/sax/download/@trysound/sax-0.2.0.tgz",
      "integrity": "sha1-zMqrdYr1Z2Hre/N69vA/Mm3XmK0="
    },
    "boolbase": {
      "version": "1.0.0",
      "resolved": "https://registry.npm.taobao.org/boolbase/download/boolbase-1.0.0.tgz",
      "integrity": "sha1-aN/1++YMUes3cl6p4+0xDcwed24="
    },
    "commander": {
      "version": "7.2.0",
      "resolved": "https://registry.npmmirror.com/commander/download/commander-7.2.0.tgz?cache=0&sync_timestamp=1634886396986&other_urls=https%3A%2F%2Fregistry.npmmirror.com%2Fcommander%2Fdownload%2Fcommander-7.2.0.tgz",
      "integrity": "sha1-o2y1fQtQHOEI5NIFWaFQo5HZerc="
    },
    "css-select": {
      "version": "4.1.3",
      "resolved": "https://registry.nlark.com/css-select/download/css-select-4.1.3.tgz",
      "integrity": "sha1-pwRA9wMX8maRGK10/xBeZYSccGc=",
      "requires": {
        "boolbase": "^1.0.0",
        "css-what": "^5.0.0",
        "domhandler": "^4.2.0",
        "domutils": "^2.6.0",
        "nth-check": "^2.0.0"
      }
    },
    "css-tree": {
      "version": "1.1.3",
      "resolved": "https://registry.npm.taobao.org/css-tree/download/css-tree-1.1.3.tgz",
      "integrity": "sha1-60hw+2/XcHMn7JXC/yqwm16NuR0=",
      "requires": {
        "mdn-data": "2.0.14",
        "source-map": "^0.6.1"
      }
    },
    "css-what": {
      "version": "5.1.0",
      "resolved": "https://registry.npmmirror.com/css-what/download/css-what-5.1.0.tgz",
      "integrity": "sha1-P3tweq32M7r2LCzrhXm1RbtA9/4="
    },
    "csso": {
      "version": "4.2.0",
      "resolved": "https://registry.nlark.com/csso/download/csso-4.2.0.tgz",
      "integrity": "sha1-6jpWE0bo3J9UbW/r7dUBh884lSk=",
      "requires": {
        "css-tree": "^1.1.2"
      }
    },
    "dom-serializer": {
      "version": "1.3.2",
      "resolved": "https://registry.nlark.com/dom-serializer/download/dom-serializer-1.3.2.tgz",
      "integrity": "sha1-YgZDfTLO767HFhgDIwx6ILwbTZE=",
      "requires": {
        "domelementtype": "^2.0.1",
        "domhandler": "^4.2.0",
        "entities": "^2.0.0"
      }
    },
    "domelementtype": {
      "version": "2.2.0",
      "resolved": "https://registry.nlark.com/domelementtype/download/domelementtype-2.2.0.tgz",
      "integrity": "sha1-mgtsJ4LtahxzI9QiZxg9+b2LHVc="
    },
    "domhandler": {
      "version": "4.2.2",
      "resolved": "https://registry.nlark.com/domhandler/download/domhandler-4.2.2.tgz?cache=0&sync_timestamp=1630246778110&other_urls=https%3A%2F%2Fregistry.nlark.com%2Fdomhandler%2Fdownload%2Fdomhandler-4.2.2.tgz",
      "integrity": "sha1-6CXXIdGahrjCAaNSZOImxnjudV8=",
      "requires": {
        "domelementtype": "^2.2.0"
      }
    },
    "domutils": {
      "version": "2.8.0",
      "resolved": "https://registry.nlark.com/domutils/download/domutils-2.8.0.tgz?cache=0&sync_timestamp=1630106535879&other_urls=https%3A%2F%2Fregistry.nlark.com%2Fdomutils%2Fdownload%2Fdomutils-2.8.0.tgz",
      "integrity": "sha1-RDfe9dtuLR9dbuhZvZXKfQIEgTU=",
      "requires": {
        "dom-serializer": "^1.0.1",
        "domelementtype": "^2.2.0",
        "domhandler": "^4.2.0"
      }
    },
    "entities": {
      "version": "2.2.0",
      "resolved": "https://registry.nlark.com/entities/download/entities-2.2.0.tgz?cache=0&sync_timestamp=1628508126700&other_urls=https%3A%2F%2Fregistry.nlark.com%2Fentities%2Fdownload%2Fentities-2.2.0.tgz",
      "integrity": "sha1-CY3JDruD2N/6CJ1VJWs1HTTE2lU="
    },
    "mdn-data": {
      "version": "2.0.14",
      "resolved": "https://registry.nlark.com/mdn-data/download/mdn-data-2.0.14.tgz?cache=0&sync_timestamp=1631835908136&other_urls=https%3A%2F%2Fregistry.nlark.com%2Fmdn-data%2Fdownload%2Fmdn-data-2.0.14.tgz",
      "integrity": "sha1-cRP8QoGRfWPOKbQ0RvcB5owlulA="
    },
    "nanocolors": {
      "version": "0.1.12",
      "resolved": "https://registry.npmmirror.com/nanocolors/download/nanocolors-0.1.12.tgz?cache=0&sync_timestamp=1633782088650&other_urls=https%3A%2F%2Fregistry.npmmirror.com%2Fnanocolors%2Fdownload%2Fnanocolors-0.1.12.tgz",
      "integrity": "sha1-hXdILFjL17W7FoHbTPSPEah/1fY="
    },
    "nth-check": {
      "version": "2.0.1",
      "resolved": "https://registry.nlark.com/nth-check/download/nth-check-2.0.1.tgz",
      "integrity": "sha1-Lv4WL1w9oGoolZ+9PbddvuqfD8I=",
      "requires": {
        "boolbase": "^1.0.0"
      }
    },
    "source-map": {
      "version": "0.6.1",
      "resolved": "https://registry.nlark.com/source-map/download/source-map-0.6.1.tgz",
      "integrity": "sha1-dHIq8y6WFOnCh6jQu95IteLxomM="
    },
    "stable": {
      "version": "0.1.8",
      "resolved": "https://registry.nlark.com/stable/download/stable-0.1.8.tgz",
      "integrity": "sha1-g26zyDgv4pNv6vVEYxAXzn1Ho88="
    },
    "svgo": {
      "version": "2.7.0",
      "resolved": "https://registry.npmmirror.com/svgo/download/svgo-2.7.0.tgz",
      "integrity": "sha1-4WTN7SL0QI/kl48IK+gBWcrqHi0=",
      "requires": {
        "@trysound/sax": "0.2.0",
        "commander": "^7.2.0",
        "css-select": "^4.1.3",
        "css-tree": "^1.1.3",
        "csso": "^4.2.0",
        "nanocolors": "^0.1.12",
        "stable": "^0.1.8"
      }
    }
  }
}
