{
  "name": "vdocs",
  "version": "0.0.1",
  "lockfileVersion": 1,
  "requires": true,
  "dependencies": {
    "marked": {
      "version": "1.1.0",
      "resolved": "https://registry.npm.taobao.org/marked/download/marked-1.1.0.tgz?cache=0&sync_timestamp=1589665829474&other_urls=https%3A%2F%2Fregistry.npm.taobao.org%2Fmarked%2Fdownload%2Fmarked-1.1.0.tgz",
      "integrity": "sha1-YlBK1NEVUMlCk1zMXjnWTlpMTlA="
    },
    "mime": {
      "version": "2.4.6",
      "resolved": "https://registry.npm.taobao.org/mime/download/mime-2.4.6.tgz?cache=0&sync_timestamp=1590596637243&other_urls=https%3A%2F%2Fregistry.npm.taobao.org%2Fmime%2Fdownload%2Fmime-2.4.6.tgz",
      "integrity": "sha1-5bQHyQ20QvK+tbFiNz0Htpr/pNE="
    }
  }
}
